set_global_assignment -name TOP_LEVEL_ENTITY gemv_test_top
set_global_assignment -name FAMILY "Stratix 10"
set_global_assignment -name DEVICE 1SM21BHU2F53E1VG
set_global_assignment -name ERROR_CHECK_FREQUENCY_DIVISOR 256
set_global_assignment -name OPTIMIZATION_MODE "HIGH PERFORMANCE EFFORT"
set_global_assignment -name ALLOW_DSP_RETIMING ON
set_global_assignment -name DSP_BLOCK_BALANCING "DSP blocks"
set_global_assignment -name AUTO_DSP_RECOGNITION ON
set_global_assignment -name SYSTEMVERILOG_FILE gemv_test_top.sv
set_global_assignment -name SYSTEMVERILOG_FILE ffn_gemv_array.sv
