# --------------------------------------------------------------------------- #
# fpga_lpu_slave.qsf — Slave FPGA Project
#
# Target:  Intel Agilex 7 M-Series AGM 039-F
# Board:   DK-DEV-AGM039EA
# Role:    Compute Slave (Chips 1-31) — transformer pipeline, no PCIe
#
# Key difference from Master: NO PCIe R-Tile IP → saves logic area (~15-20%),
# lower power, simpler pin constraints. All host communication goes through
# the C2C ring via the Master chip.
# --------------------------------------------------------------------------- #

QUARTUS_VERSION = "24.3"
PROJECT_REVISION = "fpga_lpu_slave"
PROJECT_OUTPUT_DIRECTORY = output_files

# --------------------------------------------------------------------------- #
# Top-level entity
# --------------------------------------------------------------------------- #
set_global_assignment -name TOP_LEVEL_ENTITY top_slave
set_global_assignment -name FAMILY "Agilex 7"
set_global_assignment -name DEVICE AGMF039R47A1E2VR0
# Production: AGMF039R47A1E1VC

# --------------------------------------------------------------------------- #
# Source files — Shared RTL
# --------------------------------------------------------------------------- #
source ../common/common_modules.qsf

# --------------------------------------------------------------------------- #
# Source files — Slave-specific
# --------------------------------------------------------------------------- #

# Slave top-level wrapper
set_global_assignment -name SYSTEMVERILOG_FILE ../../hw/src/top_slave.sv

# Note: kv_dma_engine.sv is NOT included on slave (PCIe-only function)

# --------------------------------------------------------------------------- #
# Intel IP (generated by QSYS / Platform Designer)
# --------------------------------------------------------------------------- #

# HBM2e Controller (32 GB @ 920 GB/s)
# Uncomment after generating:
# set_global_assignment -name QSYS_FILE hbm2e_ctrl.qsys
# set_global_assignment -name SYSTEMVERILOG_FILE ../../hw/ip/hbm2e_ctrl/hbm2e_ctrl.sv

# Note: NO PCIe R-Tile IP on slave — saves ~15-20% logic area
# Note: NO kv_dma_engine on slave — KV offload only from master

# --------------------------------------------------------------------------- #
# SDC Constraints
# --------------------------------------------------------------------------- #
set_global_assignment -name SDC_FILE ../../hw/constraints/fpga_lpu.sdc

# --------------------------------------------------------------------------- #
# Pin Assignments (Slave: C2C + HBM, no PCIe)
# --------------------------------------------------------------------------- #
# Pin locations follow Intel GSRD format. [TODO-BSP] markers require
# DK-DEV-AGM039EA board BSP to fill actual pin numbers.
set_global_assignment -name SOURCE_TCL_FILE ../../hw/constraints/pin_assignment_slave.tcl

# --------------------------------------------------------------------------- #
# Synthesis & Fitter — Slave-specific
# --------------------------------------------------------------------------- #
set_global_assignment -name OPTIMIZATION_MODE "PERFORMANCE"
set_global_assignment -name SYNTH_GATED_CLOCK_CONVERSION ON
set_global_assignment -name SYNTH_PROTECT_SDC_CONSTRAINT ON
set_global_assignment -name ROUTER_LCELL_INSERTION_AND_LOGIC_DUPLICATION ON
set_global_assignment -name ROUTER_TIMING_OPTIMIZATION_LEVEL MAXIMUM
set_global_assignment -name FITTER_EFFORT "STANDARD_FIT"
set_global_assignment -name PHYSICAL_SYNTHESIS_EFFORT NORMAL

# Slave-specific: no PCIe placement constraints needed
# C2C F-Tile placement (slave uses more transceivers for ring forwarding)
# set_location_assignment F_TILE_X0_Y0 -to c2c_ring_a_inst
# set_location_assignment F_TILE_X1_Y0 -to c2c_ring_b_inst

# HBM UIB placement
# set_location_assignment UIB_X0_Y0 -to hbm2e_ctrl_inst

# --------------------------------------------------------------------------- #
# Signal Tap — Pre-wired debug nodes
# --------------------------------------------------------------------------- #
# Uncomment after creating Signal Tap file:
# set_global_assignment -name SIGNALTAP_FILE ../../hw/scripts/debug_slave.stp
# set_global_assignment -name ENABLE_SIGNALTAP ON

# --------------------------------------------------------------------------- #
# Pin Assignments (fill after BSP is available)
# --------------------------------------------------------------------------- #
# Slave has NO PCIe pins — only C2C, HBM, QSFP-DD
#
# C2C Ring A:   F-Tile transceivers (lane 0-3)
# C2C Ring B:   F-Tile transceivers (lane 4-7)
# QSFP-DD:      F-Tile transceivers (separate channel)
# HBM:          UIB banks
# Clk/reset:    Dedicated clock pins
#
# set_location_assignment PIN_XX -to clk_board_100m
# set_location_assignment PIN_XX -to cpu_reset_n
# set_instance_assignment -name IO_STANDARD "1.2V" -to *

# --------------------------------------------------------------------------- #
# HBM2e controller (only major IP on slave):
# --------------------------------------------------------------------------- #
# set_global_assignment -name HBM_STACK_HEIGHT 4
# set_global_assignment -name HBM_DATA_RATE "1800 MHz"
# set_global_assignment -name HBM_AXI_DATA_WIDTH 256
