QUARTUS_VERSION = "24.3"
PROJECT_REVISION = "fpga_lpu_pcie_test"
PROJECT_OUTPUT_DIRECTORY = output_files

set_global_assignment -name TOP_LEVEL_ENTITY top_pcie_test
set_global_assignment -name FAMILY "Agilex 7"
set_global_assignment -name DEVICE AGMF039R47A1E2VR0

source ../common/common_modules.qsf

set_global_assignment -name SYSTEMVERILOG_FILE ../../hw/src/pcie_test/top_pcie_test.sv

# PCIe IP (uncomment after QSYS generation)
# set_global_assignment -name QSYS_FILE pcie_r_tile.qsys
# set_global_assignment -name SYSTEMVERILOG_FILE ../../hw/ip/pcie_r_tile/pcie_r_tile.sv

# HBM2e IP (DMA target buffer)
# set_global_assignment -name QSYS_FILE hbm2e_ctrl.qsys

set_global_assignment -name SDC_FILE ../../hw/constraints/fpga_lpu.sdc
set_global_assignment -name SOURCE_TCL_FILE ../../hw/constraints/pin_assignment_master.tcl

set_global_assignment -name OPTIMIZATION_MODE "PERFORMANCE"
set_global_assignment -name SYNTH_GATED_CLOCK_CONVERSION ON
set_global_assignment -name SYNTH_PROTECT_SDC_CONSTRAINT ON
set_global_assignment -name ROUTER_TIMING_OPTIMIZATION_LEVEL MAXIMUM
set_global_assignment -name FITTER_EFFORT "STANDARD_FIT"

# PCIe-specific
# set_global_assignment -name PCIE_REVISION "5.0"
# set_global_assignment -name PCIE_LANES 16
# set_global_assignment -name PCIE_REFCLK_FREQ "100 MHz"
